
Microsoft Visual Studio Solution File, Format Version 12.00
# Visual Studio 2012
Project("{FAE04EC0-301F-11D3-BF4B-00C04F79EFBC}") = "AplicacaoWebEsquenta_03_30122023", "AplicacaoWebEsquenta_03_30122023\AplicacaoWebEsquenta_03_30122023.csproj", "{52B13924-8BE8-452C-8E64-1778DB872DFE}"
EndProject
Global
	GlobalSection(SolutionConfigurationPlatforms) = preSolution
		Debug|Any CPU = Debug|Any CPU
		Release|Any CPU = Release|Any CPU
	EndGlobalSection
	GlobalSection(ProjectConfigurationPlatforms) = postSolution
		{52B13924-8BE8-452C-8E64-1778DB872DFE}.Debug|Any CPU.ActiveCfg = Debug|Any CPU
		{52B13924-8BE8-452C-8E64-1778DB872DFE}.Debug|Any CPU.Build.0 = Debug|Any CPU
		{52B13924-8BE8-452C-8E64-1778DB872DFE}.Release|Any CPU.ActiveCfg = Release|Any CPU
		{52B13924-8BE8-452C-8E64-1778DB872DFE}.Release|Any CPU.Build.0 = Release|Any CPU
	EndGlobalSection
	GlobalSection(SolutionProperties) = preSolution
		HideSolutionNode = FALSE
	EndGlobalSection
EndGlobal
