
Microsoft Visual Studio Solution File, Format Version 12.00
# Visual Studio 2012
Project("{FAE04EC0-301F-11D3-BF4B-00C04F79EFBC}") = "ExercicioWebCurriculoComImportaCep_04_18052024", "ExercicioWebCurriculoComImportaCep_04_18052024\ExercicioWebCurriculoComImportaCep_04_18052024.csproj", "{2808BF96-A905-42D7-A1F3-92C3A34BD05D}"
EndProject
Global
	GlobalSection(SolutionConfigurationPlatforms) = preSolution
		Debug|Any CPU = Debug|Any CPU
		Release|Any CPU = Release|Any CPU
	EndGlobalSection
	GlobalSection(ProjectConfigurationPlatforms) = postSolution
		{2808BF96-A905-42D7-A1F3-92C3A34BD05D}.Debug|Any CPU.ActiveCfg = Debug|Any CPU
		{2808BF96-A905-42D7-A1F3-92C3A34BD05D}.Debug|Any CPU.Build.0 = Debug|Any CPU
		{2808BF96-A905-42D7-A1F3-92C3A34BD05D}.Release|Any CPU.ActiveCfg = Release|Any CPU
		{2808BF96-A905-42D7-A1F3-92C3A34BD05D}.Release|Any CPU.Build.0 = Release|Any CPU
	EndGlobalSection
	GlobalSection(SolutionProperties) = preSolution
		HideSolutionNode = FALSE
	EndGlobalSection
EndGlobal
